
Microsoft Visual Studio Solution File, Format Version 12.00
# Visual Studio 15
VisualStudioVersion = 15.0.28010.2050
MinimumVisualStudioVersion = 10.0.40219.1
Project("{FAE04EC0-301F-11D3-BF4B-00C04F79EFBC}") = "GhostGame", "GhostGame\GhostGame.csproj", "{E5D52473-00D2-46FC-B19E-25747A3BC7E4}"
EndProject
Global
	GlobalSection(SolutionConfigurationPlatforms) = preSolution
		Debug|Any CPU = Debug|Any CPU
		Release|Any CPU = Release|Any CPU
	EndGlobalSection
	GlobalSection(ProjectConfigurationPlatforms) = postSolution
		{E5D52473-00D2-46FC-B19E-25747A3BC7E4}.Debug|Any CPU.ActiveCfg = Debug|Any CPU
		{E5D52473-00D2-46FC-B19E-25747A3BC7E4}.Debug|Any CPU.Build.0 = Debug|Any CPU
		{E5D52473-00D2-46FC-B19E-25747A3BC7E4}.Release|Any CPU.ActiveCfg = Release|Any CPU
		{E5D52473-00D2-46FC-B19E-25747A3BC7E4}.Release|Any CPU.Build.0 = Release|Any CPU
	EndGlobalSection
	GlobalSection(SolutionProperties) = preSolution
		HideSolutionNode = FALSE
	EndGlobalSection
	GlobalSection(ExtensibilityGlobals) = postSolution
		SolutionGuid = {07304734-8415-430F-9FFF-38F02EC8F52D}
	EndGlobalSection
EndGlobal
